
Microsoft Visual Studio Solution File, Format Version 12.00
# Visual Studio 15
VisualStudioVersion = 15.0.27703.2026
MinimumVisualStudioVersion = 10.0.40219.1
Project("{FAE04EC0-301F-11D3-BF4B-00C04F79EFBC}") = "TestLINQ", "TestLINQ\TestLINQ.csproj", "{7C767555-010D-498C-9B62-4CEE680AD95B}"
EndProject
Global
	GlobalSection(SolutionConfigurationPlatforms) = preSolution
		Debug|Any CPU = Debug|Any CPU
		Release|Any CPU = Release|Any CPU
	EndGlobalSection
	GlobalSection(ProjectConfigurationPlatforms) = postSolution
		{7C767555-010D-498C-9B62-4CEE680AD95B}.Debug|Any CPU.ActiveCfg = Debug|Any CPU
		{7C767555-010D-498C-9B62-4CEE680AD95B}.Debug|Any CPU.Build.0 = Debug|Any CPU
		{7C767555-010D-498C-9B62-4CEE680AD95B}.Release|Any CPU.ActiveCfg = Release|Any CPU
		{7C767555-010D-498C-9B62-4CEE680AD95B}.Release|Any CPU.Build.0 = Release|Any CPU
	EndGlobalSection
	GlobalSection(SolutionProperties) = preSolution
		HideSolutionNode = FALSE
	EndGlobalSection
	GlobalSection(ExtensibilityGlobals) = postSolution
		SolutionGuid = {C214E727-79D2-406D-9397-9D326ED8BB5F}
	EndGlobalSection
EndGlobal
